<?xml version="1.0" encoding="utf-8"?>
<Project ToolsVersion="4.0" xmlns="http://schemas.microsoft.com/developer/msbuild/2003">
  <ItemGroup>
    <Filter Include="Source Files">
      <UniqueIdentifier>{945abd98-ac26-4d98-af81-64da7abef4f7}</UniqueIdentifier>
      <Extensions>cpp;c;cxx;rc;def;r;odl;idl;hpj;bat</Extensions>
    </Filter>
    <Filter Include="Header Files">
      <UniqueIdentifier>{cfc5e2ad-1dbd-4b30-8733-9fadae3bcd85}</UniqueIdentifier>
      <Extensions>h;hpp;hxx;hm;inl</Extensions>
    </Filter>
  </ItemGroup>
  <ItemGroup>
    <ClCompile Include="PianoFinger.cpp">
      <Filter>Source Files</Filter>
    </ClCompile>
    <ClCompile Include="PianoHand.cpp">
      <Filter>Source Files</Filter>
    </ClCompile>
    <ClCompile Include="PianoKeyboard.cpp">
      <Filter>Source Files</Filter>
    </ClCompile>
    <ClCompile Include="PianoMidi.cpp">
      <Filter>Source Files</Filter>
    </ClCompile>
    <ClCompile Include="PianoPlaying.cpp">
      <Filter>Source Files</Filter>
    </ClCompile>
    <ClCompile Include="PointSeries.cpp">
      <Filter>Source Files</Filter>
    </ClCompile>
  </ItemGroup>
  <ItemGroup>
    <ClInclude Include="PianoFinger.h">
      <Filter>Header Files</Filter>
    </ClInclude>
    <ClInclude Include="PianoHand.h">
      <Filter>Header Files</Filter>
    </ClInclude>
    <ClInclude Include="PianoKeyboard.h">
      <Filter>Header Files</Filter>
    </ClInclude>
    <ClInclude Include="PianoMidi.h">
      <Filter>Header Files</Filter>
    </ClInclude>
    <ClInclude Include="PianoPlaying.h">
      <Filter>Header Files</Filter>
    </ClInclude>
    <ClInclude Include="PointSeries.h">
      <Filter>Header Files</Filter>
    </ClInclude>
    <ClInclude Include="portmidi.h">
      <Filter>Header Files</Filter>
    </ClInclude>
    <ClInclude Include="porttime.h">
      <Filter>Header Files</Filter>
    </ClInclude>
  </ItemGroup>
</Project>