
Microsoft Visual Studio Solution File, Format Version 12.00
# Visual Studio 2013
VisualStudioVersion = 12.0.21005.1
MinimumVisualStudioVersion = 10.0.40219.1
Project("{8BC9CEB8-8B4A-11D0-8D11-00A0C91BC942}") = "GUIFaceInVideo", "C-midi.vcxproj", "{EB0E8819-4146-4E0B-AA35-5555DF28BFAF}"
EndProject
Global
	GlobalSection(SolutionConfigurationPlatforms) = preSolution
		Debug|Win32 = Debug|Win32
		Release|Win32 = Release|Win32
	EndGlobalSection
	GlobalSection(ProjectConfigurationPlatforms) = postSolution
		{EB0E8819-4146-4E0B-AA35-5555DF28BFAF}.Debug|Win32.ActiveCfg = Debug|Win32
		{EB0E8819-4146-4E0B-AA35-5555DF28BFAF}.Debug|Win32.Build.0 = Debug|Win32
		{EB0E8819-4146-4E0B-AA35-5555DF28BFAF}.Release|Win32.ActiveCfg = Release|Win32
		{EB0E8819-4146-4E0B-AA35-5555DF28BFAF}.Release|Win32.Build.0 = Release|Win32
	EndGlobalSection
	GlobalSection(SolutionProperties) = preSolution
		HideSolutionNode = FALSE
	EndGlobalSection
EndGlobal
